
Microsoft Visual Studio Solution File, Format Version 12.00
# Visual Studio 14
VisualStudioVersion = 14.0.25420.1
MinimumVisualStudioVersion = 10.0.40219.1
Project("{FAE04EC0-301F-11D3-BF4B-00C04F79EFBC}") = "Beaver", "Beaver\Beaver.csproj", "{1C0159F0-8F50-4747-B94E-5CD38D922D01}"
EndProject
Project("{FAE04EC0-301F-11D3-BF4B-00C04F79EFBC}") = "Beaver.Tests", "Beaver.Tests\Beaver.Tests.csproj", "{929B14BD-3D95-4E7A-9214-7F1AC3920629}"
EndProject
Global
	GlobalSection(SolutionConfigurationPlatforms) = preSolution
		Debug|Any CPU = Debug|Any CPU
		Release|Any CPU = Release|Any CPU
	EndGlobalSection
	GlobalSection(ProjectConfigurationPlatforms) = postSolution
		{1C0159F0-8F50-4747-B94E-5CD38D922D01}.Debug|Any CPU.ActiveCfg = Debug|Any CPU
		{1C0159F0-8F50-4747-B94E-5CD38D922D01}.Debug|Any CPU.Build.0 = Debug|Any CPU
		{1C0159F0-8F50-4747-B94E-5CD38D922D01}.Release|Any CPU.ActiveCfg = Release|Any CPU
		{1C0159F0-8F50-4747-B94E-5CD38D922D01}.Release|Any CPU.Build.0 = Release|Any CPU
		{929B14BD-3D95-4E7A-9214-7F1AC3920629}.Debug|Any CPU.ActiveCfg = Debug|Any CPU
		{929B14BD-3D95-4E7A-9214-7F1AC3920629}.Debug|Any CPU.Build.0 = Debug|Any CPU
		{929B14BD-3D95-4E7A-9214-7F1AC3920629}.Release|Any CPU.ActiveCfg = Release|Any CPU
		{929B14BD-3D95-4E7A-9214-7F1AC3920629}.Release|Any CPU.Build.0 = Release|Any CPU
	EndGlobalSection
	GlobalSection(SolutionProperties) = preSolution
		HideSolutionNode = FALSE
	EndGlobalSection
EndGlobal
